
Microsoft Visual Studio Solution File, Format Version 12.00
# Visual Studio 15
Project("{FAE04EC0-301F-11D3-BF4B-00C04F79EFBC}") = "UnityEngine.TestRunner", "UnityEngine.TestRunner.csproj", "{BFF7ADA7-D26B-5C64-A294-5B31878E1C2E}"
EndProject
Project("{FAE04EC0-301F-11D3-BF4B-00C04F79EFBC}") = "UnityEngine.UI", "UnityEngine.UI.csproj", "{B4FFA609-97C4-6D45-4BE5-0C9834B2B31A}"
EndProject
Project("{FAE04EC0-301F-11D3-BF4B-00C04F79EFBC}") = "Unity.VisualScripting.Flow", "Unity.VisualScripting.Flow.csproj", "{BEC1D55F-8108-2BB9-DCD6-BF866101DD6F}"
EndProject
Project("{FAE04EC0-301F-11D3-BF4B-00C04F79EFBC}") = "Unity.VisualScripting.State", "Unity.VisualScripting.State.csproj", "{4BC707CB-830B-CE1B-D974-9324C790650F}"
EndProject
Project("{FAE04EC0-301F-11D3-BF4B-00C04F79EFBC}") = "Unity.VisualScripting.Core", "Unity.VisualScripting.Core.csproj", "{BD0C56F4-4F66-C89A-C3EB-6A5FCAE11F16}"
EndProject
Project("{FAE04EC0-301F-11D3-BF4B-00C04F79EFBC}") = "Unity.TextMeshPro", "Unity.TextMeshPro.csproj", "{26C6F4F1-B4AA-292B-7BAD-8AF6CF56108C}"
EndProject
Project("{FAE04EC0-301F-11D3-BF4B-00C04F79EFBC}") = "Unity.Timeline", "Unity.Timeline.csproj", "{78F1D6A9-B98F-7BA7-F482-7F5E6C7AFE5E}"
EndProject
Project("{FAE04EC0-301F-11D3-BF4B-00C04F79EFBC}") = "Assembly-CSharp", "Assembly-CSharp.csproj", "{9AED8540-741A-5F08-B1FC-08AE392FDEA2}"
EndProject
Project("{FAE04EC0-301F-11D3-BF4B-00C04F79EFBC}") = "Unity.PlasticSCM.Editor", "Unity.PlasticSCM.Editor.csproj", "{023299FC-ADCD-47F5-F8E5-BE2802538E0B}"
EndProject
Project("{FAE04EC0-301F-11D3-BF4B-00C04F79EFBC}") = "Unity.VisualScripting.Core.Editor", "Unity.VisualScripting.Core.Editor.csproj", "{2A62523F-CF76-EE49-4F55-1E20193DE3DA}"
EndProject
Project("{FAE04EC0-301F-11D3-BF4B-00C04F79EFBC}") = "Unity.VisualScripting.Flow.Editor", "Unity.VisualScripting.Flow.Editor.csproj", "{5D36EA8F-8055-04D6-ED72-B1FFC5338BA5}"
EndProject
Project("{FAE04EC0-301F-11D3-BF4B-00C04F79EFBC}") = "Unity.VisualStudio.Editor", "Unity.VisualStudio.Editor.csproj", "{594CDE91-9E19-F55B-3E9A-FBB4F7066497}"
EndProject
Project("{FAE04EC0-301F-11D3-BF4B-00C04F79EFBC}") = "Unity.Timeline.Editor", "Unity.Timeline.Editor.csproj", "{99ACF651-8910-CF7E-28D9-8DBC04F55CC1}"
EndProject
Project("{FAE04EC0-301F-11D3-BF4B-00C04F79EFBC}") = "Unity.VisualScripting.State.Editor", "Unity.VisualScripting.State.Editor.csproj", "{0D749276-77AE-115D-254F-F681B7B076AD}"
EndProject
Project("{FAE04EC0-301F-11D3-BF4B-00C04F79EFBC}") = "Unity.TextMeshPro.Editor", "Unity.TextMeshPro.Editor.csproj", "{13517850-F1B2-3E7C-7F53-DF82FBA75C17}"
EndProject
Project("{FAE04EC0-301F-11D3-BF4B-00C04F79EFBC}") = "Unity.VisualScripting.SettingsProvider.Editor", "Unity.VisualScripting.SettingsProvider.Editor.csproj", "{63D1EABB-3476-2778-C852-18060029064E}"
EndProject
Project("{FAE04EC0-301F-11D3-BF4B-00C04F79EFBC}") = "Unity.CollabProxy.Editor", "Unity.CollabProxy.Editor.csproj", "{413C6E8A-2589-8F82-2D70-36C2DFD1CA80}"
EndProject
Project("{FAE04EC0-301F-11D3-BF4B-00C04F79EFBC}") = "UnityEditor.TestRunner", "UnityEditor.TestRunner.csproj", "{95799637-BD8B-70CE-867C-DE97959436DF}"
EndProject
Project("{FAE04EC0-301F-11D3-BF4B-00C04F79EFBC}") = "Unity.TestTools.CodeCoverage.Editor", "Unity.TestTools.CodeCoverage.Editor.csproj", "{9DB3BC02-A79C-4AA0-704B-94CEA6079712}"
EndProject
Project("{FAE04EC0-301F-11D3-BF4B-00C04F79EFBC}") = "Unity.Rider.Editor", "Unity.Rider.Editor.csproj", "{0323BCD4-CC3C-6E9A-01F3-CBA4D466E78E}"
EndProject
Project("{FAE04EC0-301F-11D3-BF4B-00C04F79EFBC}") = "Unity.Services.Core.Editor", "Unity.Services.Core.Editor.csproj", "{E2170445-2177-DB22-335B-03C8CC919A73}"
EndProject
Project("{FAE04EC0-301F-11D3-BF4B-00C04F79EFBC}") = "Unity.Performance.Profile-Analyzer.Editor", "Unity.Performance.Profile-Analyzer.Editor.csproj", "{1BF073E1-933E-ED08-AC0A-4B440FD2783F}"
EndProject
Project("{FAE04EC0-301F-11D3-BF4B-00C04F79EFBC}") = "Unity.VSCode.Editor", "Unity.VSCode.Editor.csproj", "{2E07CF8F-B032-A241-7BA3-A627308443E4}"
EndProject
Project("{FAE04EC0-301F-11D3-BF4B-00C04F79EFBC}") = "UnityEditor.UI", "UnityEditor.UI.csproj", "{8183F503-C22E-2147-45DE-3AF404C995EE}"
EndProject
Project("{FAE04EC0-301F-11D3-BF4B-00C04F79EFBC}") = "Unity.TestTools.CodeCoverage.Editor.OpenCover.Model", "Unity.TestTools.CodeCoverage.Editor.OpenCover.Model.csproj", "{C427AEC3-5650-0C0A-9499-7DF68AFFD05D}"
EndProject
Project("{FAE04EC0-301F-11D3-BF4B-00C04F79EFBC}") = "Unity.EditorCoroutines.Editor", "Unity.EditorCoroutines.Editor.csproj", "{55F9CE43-521D-12B5-EBEC-446D027880D2}"
EndProject
Project("{FAE04EC0-301F-11D3-BF4B-00C04F79EFBC}") = "Unity.Settings.Editor", "Unity.Settings.Editor.csproj", "{742B8E3E-D8FC-8DB0-58A6-D9193E9A6D18}"
EndProject
Project("{FAE04EC0-301F-11D3-BF4B-00C04F79EFBC}") = "Unity.TestTools.CodeCoverage.Editor.OpenCover.Mono.Reflection", "Unity.TestTools.CodeCoverage.Editor.OpenCover.Mono.Reflection.csproj", "{ED70EDD8-A1F5-45E1-92CA-37445581309D}"
EndProject
Project("{FAE04EC0-301F-11D3-BF4B-00C04F79EFBC}") = "Unity.VisualScripting.Shared.Editor", "Unity.VisualScripting.Shared.Editor.csproj", "{94E8F7A0-E848-8166-F52D-563AAAD7CCE1}"
EndProject
Global
	GlobalSection(SolutionConfigurationPlatforms) = preSolution
		Debug|Any CPU = Debug|Any CPU
		Release|Any CPU = Release|Any CPU
	EndGlobalSection
	GlobalSection(ProjectConfigurationPlatforms) = postSolution
		{BFF7ADA7-D26B-5C64-A294-5B31878E1C2E}.Debug|Any CPU.ActiveCfg = Debug|Any CPU
		{BFF7ADA7-D26B-5C64-A294-5B31878E1C2E}.Debug|Any CPU.Build.0 = Debug|Any CPU
		{BFF7ADA7-D26B-5C64-A294-5B31878E1C2E}.Release|Any CPU.ActiveCfg = Release|Any CPU
		{BFF7ADA7-D26B-5C64-A294-5B31878E1C2E}.Release|Any CPU.Build.0 = Release|Any CPU
		{B4FFA609-97C4-6D45-4BE5-0C9834B2B31A}.Debug|Any CPU.ActiveCfg = Debug|Any CPU
		{B4FFA609-97C4-6D45-4BE5-0C9834B2B31A}.Debug|Any CPU.Build.0 = Debug|Any CPU
		{B4FFA609-97C4-6D45-4BE5-0C9834B2B31A}.Release|Any CPU.ActiveCfg = Release|Any CPU
		{B4FFA609-97C4-6D45-4BE5-0C9834B2B31A}.Release|Any CPU.Build.0 = Release|Any CPU
		{BEC1D55F-8108-2BB9-DCD6-BF866101DD6F}.Debug|Any CPU.ActiveCfg = Debug|Any CPU
		{BEC1D55F-8108-2BB9-DCD6-BF866101DD6F}.Debug|Any CPU.Build.0 = Debug|Any CPU
		{BEC1D55F-8108-2BB9-DCD6-BF866101DD6F}.Release|Any CPU.ActiveCfg = Release|Any CPU
		{BEC1D55F-8108-2BB9-DCD6-BF866101DD6F}.Release|Any CPU.Build.0 = Release|Any CPU
		{4BC707CB-830B-CE1B-D974-9324C790650F}.Debug|Any CPU.ActiveCfg = Debug|Any CPU
		{4BC707CB-830B-CE1B-D974-9324C790650F}.Debug|Any CPU.Build.0 = Debug|Any CPU
		{4BC707CB-830B-CE1B-D974-9324C790650F}.Release|Any CPU.ActiveCfg = Release|Any CPU
		{4BC707CB-830B-CE1B-D974-9324C790650F}.Release|Any CPU.Build.0 = Release|Any CPU
		{BD0C56F4-4F66-C89A-C3EB-6A5FCAE11F16}.Debug|Any CPU.ActiveCfg = Debug|Any CPU
		{BD0C56F4-4F66-C89A-C3EB-6A5FCAE11F16}.Debug|Any CPU.Build.0 = Debug|Any CPU
		{BD0C56F4-4F66-C89A-C3EB-6A5FCAE11F16}.Release|Any CPU.ActiveCfg = Release|Any CPU
		{BD0C56F4-4F66-C89A-C3EB-6A5FCAE11F16}.Release|Any CPU.Build.0 = Release|Any CPU
		{26C6F4F1-B4AA-292B-7BAD-8AF6CF56108C}.Debug|Any CPU.ActiveCfg = Debug|Any CPU
		{26C6F4F1-B4AA-292B-7BAD-8AF6CF56108C}.Debug|Any CPU.Build.0 = Debug|Any CPU
		{26C6F4F1-B4AA-292B-7BAD-8AF6CF56108C}.Release|Any CPU.ActiveCfg = Release|Any CPU
		{26C6F4F1-B4AA-292B-7BAD-8AF6CF56108C}.Release|Any CPU.Build.0 = Release|Any CPU
		{78F1D6A9-B98F-7BA7-F482-7F5E6C7AFE5E}.Debug|Any CPU.ActiveCfg = Debug|Any CPU
		{78F1D6A9-B98F-7BA7-F482-7F5E6C7AFE5E}.Debug|Any CPU.Build.0 = Debug|Any CPU
		{78F1D6A9-B98F-7BA7-F482-7F5E6C7AFE5E}.Release|Any CPU.ActiveCfg = Release|Any CPU
		{78F1D6A9-B98F-7BA7-F482-7F5E6C7AFE5E}.Release|Any CPU.Build.0 = Release|Any CPU
		{9AED8540-741A-5F08-B1FC-08AE392FDEA2}.Debug|Any CPU.ActiveCfg = Debug|Any CPU
		{9AED8540-741A-5F08-B1FC-08AE392FDEA2}.Debug|Any CPU.Build.0 = Debug|Any CPU
		{9AED8540-741A-5F08-B1FC-08AE392FDEA2}.Release|Any CPU.ActiveCfg = Release|Any CPU
		{9AED8540-741A-5F08-B1FC-08AE392FDEA2}.Release|Any CPU.Build.0 = Release|Any CPU
		{023299FC-ADCD-47F5-F8E5-BE2802538E0B}.Debug|Any CPU.ActiveCfg = Debug|Any CPU
		{023299FC-ADCD-47F5-F8E5-BE2802538E0B}.Debug|Any CPU.Build.0 = Debug|Any CPU
		{023299FC-ADCD-47F5-F8E5-BE2802538E0B}.Release|Any CPU.ActiveCfg = Release|Any CPU
		{023299FC-ADCD-47F5-F8E5-BE2802538E0B}.Release|Any CPU.Build.0 = Release|Any CPU
		{2A62523F-CF76-EE49-4F55-1E20193DE3DA}.Debug|Any CPU.ActiveCfg = Debug|Any CPU
		{2A62523F-CF76-EE49-4F55-1E20193DE3DA}.Debug|Any CPU.Build.0 = Debug|Any CPU
		{2A62523F-CF76-EE49-4F55-1E20193DE3DA}.Release|Any CPU.ActiveCfg = Release|Any CPU
		{2A62523F-CF76-EE49-4F55-1E20193DE3DA}.Release|Any CPU.Build.0 = Release|Any CPU
		{5D36EA8F-8055-04D6-ED72-B1FFC5338BA5}.Debug|Any CPU.ActiveCfg = Debug|Any CPU
		{5D36EA8F-8055-04D6-ED72-B1FFC5338BA5}.Debug|Any CPU.Build.0 = Debug|Any CPU
		{5D36EA8F-8055-04D6-ED72-B1FFC5338BA5}.Release|Any CPU.ActiveCfg = Release|Any CPU
		{5D36EA8F-8055-04D6-ED72-B1FFC5338BA5}.Release|Any CPU.Build.0 = Release|Any CPU
		{594CDE91-9E19-F55B-3E9A-FBB4F7066497}.Debug|Any CPU.ActiveCfg = Debug|Any CPU
		{594CDE91-9E19-F55B-3E9A-FBB4F7066497}.Debug|Any CPU.Build.0 = Debug|Any CPU
		{594CDE91-9E19-F55B-3E9A-FBB4F7066497}.Release|Any CPU.ActiveCfg = Release|Any CPU
		{594CDE91-9E19-F55B-3E9A-FBB4F7066497}.Release|Any CPU.Build.0 = Release|Any CPU
		{99ACF651-8910-CF7E-28D9-8DBC04F55CC1}.Debug|Any CPU.ActiveCfg = Debug|Any CPU
		{99ACF651-8910-CF7E-28D9-8DBC04F55CC1}.Debug|Any CPU.Build.0 = Debug|Any CPU
		{99ACF651-8910-CF7E-28D9-8DBC04F55CC1}.Release|Any CPU.ActiveCfg = Release|Any CPU
		{99ACF651-8910-CF7E-28D9-8DBC04F55CC1}.Release|Any CPU.Build.0 = Release|Any CPU
		{0D749276-77AE-115D-254F-F681B7B076AD}.Debug|Any CPU.ActiveCfg = Debug|Any CPU
		{0D749276-77AE-115D-254F-F681B7B076AD}.Debug|Any CPU.Build.0 = Debug|Any CPU
		{0D749276-77AE-115D-254F-F681B7B076AD}.Release|Any CPU.ActiveCfg = Release|Any CPU
		{0D749276-77AE-115D-254F-F681B7B076AD}.Release|Any CPU.Build.0 = Release|Any CPU
		{13517850-F1B2-3E7C-7F53-DF82FBA75C17}.Debug|Any CPU.ActiveCfg = Debug|Any CPU
		{13517850-F1B2-3E7C-7F53-DF82FBA75C17}.Debug|Any CPU.Build.0 = Debug|Any CPU
		{13517850-F1B2-3E7C-7F53-DF82FBA75C17}.Release|Any CPU.ActiveCfg = Release|Any CPU
		{13517850-F1B2-3E7C-7F53-DF82FBA75C17}.Release|Any CPU.Build.0 = Release|Any CPU
		{63D1EABB-3476-2778-C852-18060029064E}.Debug|Any CPU.ActiveCfg = Debug|Any CPU
		{63D1EABB-3476-2778-C852-18060029064E}.Debug|Any CPU.Build.0 = Debug|Any CPU
		{63D1EABB-3476-2778-C852-18060029064E}.Release|Any CPU.ActiveCfg = Release|Any CPU
		{63D1EABB-3476-2778-C852-18060029064E}.Release|Any CPU.Build.0 = Release|Any CPU
		{413C6E8A-2589-8F82-2D70-36C2DFD1CA80}.Debug|Any CPU.ActiveCfg = Debug|Any CPU
		{413C6E8A-2589-8F82-2D70-36C2DFD1CA80}.Debug|Any CPU.Build.0 = Debug|Any CPU
		{413C6E8A-2589-8F82-2D70-36C2DFD1CA80}.Release|Any CPU.ActiveCfg = Release|Any CPU
		{413C6E8A-2589-8F82-2D70-36C2DFD1CA80}.Release|Any CPU.Build.0 = Release|Any CPU
		{95799637-BD8B-70CE-867C-DE97959436DF}.Debug|Any CPU.ActiveCfg = Debug|Any CPU
		{95799637-BD8B-70CE-867C-DE97959436DF}.Debug|Any CPU.Build.0 = Debug|Any CPU
		{95799637-BD8B-70CE-867C-DE97959436DF}.Release|Any CPU.ActiveCfg = Release|Any CPU
		{95799637-BD8B-70CE-867C-DE97959436DF}.Release|Any CPU.Build.0 = Release|Any CPU
		{9DB3BC02-A79C-4AA0-704B-94CEA6079712}.Debug|Any CPU.ActiveCfg = Debug|Any CPU
		{9DB3BC02-A79C-4AA0-704B-94CEA6079712}.Debug|Any CPU.Build.0 = Debug|Any CPU
		{9DB3BC02-A79C-4AA0-704B-94CEA6079712}.Release|Any CPU.ActiveCfg = Release|Any CPU
		{9DB3BC02-A79C-4AA0-704B-94CEA6079712}.Release|Any CPU.Build.0 = Release|Any CPU
		{0323BCD4-CC3C-6E9A-01F3-CBA4D466E78E}.Debug|Any CPU.ActiveCfg = Debug|Any CPU
		{0323BCD4-CC3C-6E9A-01F3-CBA4D466E78E}.Debug|Any CPU.Build.0 = Debug|Any CPU
		{0323BCD4-CC3C-6E9A-01F3-CBA4D466E78E}.Release|Any CPU.ActiveCfg = Release|Any CPU
		{0323BCD4-CC3C-6E9A-01F3-CBA4D466E78E}.Release|Any CPU.Build.0 = Release|Any CPU
		{E2170445-2177-DB22-335B-03C8CC919A73}.Debug|Any CPU.ActiveCfg = Debug|Any CPU
		{E2170445-2177-DB22-335B-03C8CC919A73}.Debug|Any CPU.Build.0 = Debug|Any CPU
		{E2170445-2177-DB22-335B-03C8CC919A73}.Release|Any CPU.ActiveCfg = Release|Any CPU
		{E2170445-2177-DB22-335B-03C8CC919A73}.Release|Any CPU.Build.0 = Release|Any CPU
		{1BF073E1-933E-ED08-AC0A-4B440FD2783F}.Debug|Any CPU.ActiveCfg = Debug|Any CPU
		{1BF073E1-933E-ED08-AC0A-4B440FD2783F}.Debug|Any CPU.Build.0 = Debug|Any CPU
		{1BF073E1-933E-ED08-AC0A-4B440FD2783F}.Release|Any CPU.ActiveCfg = Release|Any CPU
		{1BF073E1-933E-ED08-AC0A-4B440FD2783F}.Release|Any CPU.Build.0 = Release|Any CPU
		{2E07CF8F-B032-A241-7BA3-A627308443E4}.Debug|Any CPU.ActiveCfg = Debug|Any CPU
		{2E07CF8F-B032-A241-7BA3-A627308443E4}.Debug|Any CPU.Build.0 = Debug|Any CPU
		{2E07CF8F-B032-A241-7BA3-A627308443E4}.Release|Any CPU.ActiveCfg = Release|Any CPU
		{2E07CF8F-B032-A241-7BA3-A627308443E4}.Release|Any CPU.Build.0 = Release|Any CPU
		{8183F503-C22E-2147-45DE-3AF404C995EE}.Debug|Any CPU.ActiveCfg = Debug|Any CPU
		{8183F503-C22E-2147-45DE-3AF404C995EE}.Debug|Any CPU.Build.0 = Debug|Any CPU
		{8183F503-C22E-2147-45DE-3AF404C995EE}.Release|Any CPU.ActiveCfg = Release|Any CPU
		{8183F503-C22E-2147-45DE-3AF404C995EE}.Release|Any CPU.Build.0 = Release|Any CPU
		{C427AEC3-5650-0C0A-9499-7DF68AFFD05D}.Debug|Any CPU.ActiveCfg = Debug|Any CPU
		{C427AEC3-5650-0C0A-9499-7DF68AFFD05D}.Debug|Any CPU.Build.0 = Debug|Any CPU
		{C427AEC3-5650-0C0A-9499-7DF68AFFD05D}.Release|Any CPU.ActiveCfg = Release|Any CPU
		{C427AEC3-5650-0C0A-9499-7DF68AFFD05D}.Release|Any CPU.Build.0 = Release|Any CPU
		{55F9CE43-521D-12B5-EBEC-446D027880D2}.Debug|Any CPU.ActiveCfg = Debug|Any CPU
		{55F9CE43-521D-12B5-EBEC-446D027880D2}.Debug|Any CPU.Build.0 = Debug|Any CPU
		{55F9CE43-521D-12B5-EBEC-446D027880D2}.Release|Any CPU.ActiveCfg = Release|Any CPU
		{55F9CE43-521D-12B5-EBEC-446D027880D2}.Release|Any CPU.Build.0 = Release|Any CPU
		{742B8E3E-D8FC-8DB0-58A6-D9193E9A6D18}.Debug|Any CPU.ActiveCfg = Debug|Any CPU
		{742B8E3E-D8FC-8DB0-58A6-D9193E9A6D18}.Debug|Any CPU.Build.0 = Debug|Any CPU
		{742B8E3E-D8FC-8DB0-58A6-D9193E9A6D18}.Release|Any CPU.ActiveCfg = Release|Any CPU
		{742B8E3E-D8FC-8DB0-58A6-D9193E9A6D18}.Release|Any CPU.Build.0 = Release|Any CPU
		{ED70EDD8-A1F5-45E1-92CA-37445581309D}.Debug|Any CPU.ActiveCfg = Debug|Any CPU
		{ED70EDD8-A1F5-45E1-92CA-37445581309D}.Debug|Any CPU.Build.0 = Debug|Any CPU
		{ED70EDD8-A1F5-45E1-92CA-37445581309D}.Release|Any CPU.ActiveCfg = Release|Any CPU
		{ED70EDD8-A1F5-45E1-92CA-37445581309D}.Release|Any CPU.Build.0 = Release|Any CPU
		{94E8F7A0-E848-8166-F52D-563AAAD7CCE1}.Debug|Any CPU.ActiveCfg = Debug|Any CPU
		{94E8F7A0-E848-8166-F52D-563AAAD7CCE1}.Debug|Any CPU.Build.0 = Debug|Any CPU
		{94E8F7A0-E848-8166-F52D-563AAAD7CCE1}.Release|Any CPU.ActiveCfg = Release|Any CPU
		{94E8F7A0-E848-8166-F52D-563AAAD7CCE1}.Release|Any CPU.Build.0 = Release|Any CPU
	EndGlobalSection
	GlobalSection(SolutionProperties) = preSolution
		HideSolutionNode = FALSE
	EndGlobalSection
EndGlobal
